
Microsoft Visual Studio Solution File, Format Version 12.00
# Visual Studio 15
VisualStudioVersion = 15.0.28307.136
MinimumVisualStudioVersion = 10.0.40219.1
Project("{FAE04EC0-301F-11D3-BF4B-00C04F79EFBC}") = "AttemptAtWriting_13.12.2018", "AttemptAtWriting_13.12.2018\AttemptAtWriting_13.12.2018.csproj", "{4FA3DBCF-C44F-42DF-B0F5-D0AECCBCC04C}"
EndProject
Project("{FAE04EC0-301F-11D3-BF4B-00C04F79EFBC}") = "AttemtAtWriting_17.12.2018", "AttemtAtWriting_17.12.2018\AttemtAtWriting_17.12.2018.csproj", "{F35F96CB-49F3-4984-B9BC-9332CF76F9C0}"
EndProject
Project("{FAE04EC0-301F-11D3-BF4B-00C04F79EFBC}") = "Calculator", "Calculator\Calculator.csproj", "{5029AF20-0C26-467E-B1BB-BCCE78863EA7}"
EndProject
Project("{FAE04EC0-301F-11D3-BF4B-00C04F79EFBC}") = "OverloraParse", "OverloraParse\OverloraParse.csproj", "{9EA575DF-227D-40C6-87FD-7B0240B21CF7}"
EndProject
Global
	GlobalSection(SolutionConfigurationPlatforms) = preSolution
		Debug|Any CPU = Debug|Any CPU
		Release|Any CPU = Release|Any CPU
	EndGlobalSection
	GlobalSection(ProjectConfigurationPlatforms) = postSolution
		{4FA3DBCF-C44F-42DF-B0F5-D0AECCBCC04C}.Debug|Any CPU.ActiveCfg = Debug|Any CPU
		{4FA3DBCF-C44F-42DF-B0F5-D0AECCBCC04C}.Debug|Any CPU.Build.0 = Debug|Any CPU
		{4FA3DBCF-C44F-42DF-B0F5-D0AECCBCC04C}.Release|Any CPU.ActiveCfg = Release|Any CPU
		{4FA3DBCF-C44F-42DF-B0F5-D0AECCBCC04C}.Release|Any CPU.Build.0 = Release|Any CPU
		{F35F96CB-49F3-4984-B9BC-9332CF76F9C0}.Debug|Any CPU.ActiveCfg = Debug|Any CPU
		{F35F96CB-49F3-4984-B9BC-9332CF76F9C0}.Debug|Any CPU.Build.0 = Debug|Any CPU
		{F35F96CB-49F3-4984-B9BC-9332CF76F9C0}.Release|Any CPU.ActiveCfg = Release|Any CPU
		{F35F96CB-49F3-4984-B9BC-9332CF76F9C0}.Release|Any CPU.Build.0 = Release|Any CPU
		{5029AF20-0C26-467E-B1BB-BCCE78863EA7}.Debug|Any CPU.ActiveCfg = Debug|Any CPU
		{5029AF20-0C26-467E-B1BB-BCCE78863EA7}.Debug|Any CPU.Build.0 = Debug|Any CPU
		{5029AF20-0C26-467E-B1BB-BCCE78863EA7}.Release|Any CPU.ActiveCfg = Release|Any CPU
		{5029AF20-0C26-467E-B1BB-BCCE78863EA7}.Release|Any CPU.Build.0 = Release|Any CPU
		{9EA575DF-227D-40C6-87FD-7B0240B21CF7}.Debug|Any CPU.ActiveCfg = Debug|Any CPU
		{9EA575DF-227D-40C6-87FD-7B0240B21CF7}.Debug|Any CPU.Build.0 = Debug|Any CPU
		{9EA575DF-227D-40C6-87FD-7B0240B21CF7}.Release|Any CPU.ActiveCfg = Release|Any CPU
		{9EA575DF-227D-40C6-87FD-7B0240B21CF7}.Release|Any CPU.Build.0 = Release|Any CPU
	EndGlobalSection
	GlobalSection(SolutionProperties) = preSolution
		HideSolutionNode = FALSE
	EndGlobalSection
	GlobalSection(ExtensibilityGlobals) = postSolution
		SolutionGuid = {DE479CDE-CB78-4858-8C86-3956996300EA}
	EndGlobalSection
EndGlobal
